
Microsoft Visual Studio Solution File, Format Version 12.00
# Visual Studio Version 17
VisualStudioVersion = 17.0.31903.59
MinimumVisualStudioVersion = 10.0.40219.1
Project("{FAE04EC0-301F-11D3-BF4B-00C04F79EFBC}") = "HFComicSort", "HFComicSort\HFComicSort.csproj", "{1A52645C-E4F1-46E6-885D-5229637B57A8}"
EndProject
Global
	GlobalSection(SolutionConfigurationPlatforms) = preSolution
		Debug|Any CPU = Debug|Any CPU
		Release|Any CPU = Release|Any CPU
	EndGlobalSection
	GlobalSection(ProjectConfigurationPlatforms) = postSolution
		{1A52645C-E4F1-46E6-885D-5229637B57A8}.Debug|Any CPU.ActiveCfg = Debug|Any CPU
		{1A52645C-E4F1-46E6-885D-5229637B57A8}.Debug|Any CPU.Build.0 = Debug|Any CPU
		{1A52645C-E4F1-46E6-885D-5229637B57A8}.Release|Any CPU.ActiveCfg = Release|Any CPU
		{1A52645C-E4F1-46E6-885D-5229637B57A8}.Release|Any CPU.Build.0 = Release|Any CPU
	EndGlobalSection
	GlobalSection(SolutionProperties) = preSolution
		HideSolutionNode = FALSE
	EndGlobalSection
	GlobalSection(ExtensibilityGlobals) = postSolution
		SolutionGuid = {0E6046ED-4B79-4F3C-8648-4A29B0CFA403}
	EndGlobalSection
EndGlobal
